
Microsoft Visual Studio Solution File, Format Version 12.00
# Visual Studio Version 17
VisualStudioVersion = 17.6.33723.286
MinimumVisualStudioVersion = 10.0.40219.1
Project("{9A19103F-16F7-4668-BE54-9A1E7A4F7556}") = "mvcApplication", "mvcApplication\mvcApplication.csproj", "{985D20B7-AD35-41BA-9AD4-90BCC8B31146}"
EndProject
Project("{FAE04EC0-301F-11D3-BF4B-00C04F79EFBC}") = "mvcApplication.Test", "mvcApplication.Test\mvcApplication.Test.csproj", "{08FD85A4-250C-4035-B592-CE0640BAC30C}"
EndProject
Global
	GlobalSection(SolutionConfigurationPlatforms) = preSolution
		Debug|Any CPU = Debug|Any CPU
		Release|Any CPU = Release|Any CPU
	EndGlobalSection
	GlobalSection(ProjectConfigurationPlatforms) = postSolution
		{985D20B7-AD35-41BA-9AD4-90BCC8B31146}.Debug|Any CPU.ActiveCfg = Debug|Any CPU
		{985D20B7-AD35-41BA-9AD4-90BCC8B31146}.Debug|Any CPU.Build.0 = Debug|Any CPU
		{985D20B7-AD35-41BA-9AD4-90BCC8B31146}.Release|Any CPU.ActiveCfg = Release|Any CPU
		{985D20B7-AD35-41BA-9AD4-90BCC8B31146}.Release|Any CPU.Build.0 = Release|Any CPU
		{08FD85A4-250C-4035-B592-CE0640BAC30C}.Debug|Any CPU.ActiveCfg = Debug|Any CPU
		{08FD85A4-250C-4035-B592-CE0640BAC30C}.Debug|Any CPU.Build.0 = Debug|Any CPU
		{08FD85A4-250C-4035-B592-CE0640BAC30C}.Release|Any CPU.ActiveCfg = Release|Any CPU
		{08FD85A4-250C-4035-B592-CE0640BAC30C}.Release|Any CPU.Build.0 = Release|Any CPU
	EndGlobalSection
	GlobalSection(SolutionProperties) = preSolution
		HideSolutionNode = FALSE
	EndGlobalSection
	GlobalSection(ExtensibilityGlobals) = postSolution
		SolutionGuid = {6D3625F5-97F2-40E5-B245-87E60EB8CC8D}
	EndGlobalSection
EndGlobal
